// !$*UTF8*$!
{
	archiveVersion = 1;
	classes = {
	};
	objectVersion = 46;
	objects = {

/* Begin PBXBuildFile section */
		87FF0EC72694ADA8365049F2 /* Pods_PhotobombAndPop_upWindows.framework in Frameworks */ = {isa = PBXBuildFile; fileRef = ABCF9DFD207CCD28E9C521D2 /* Pods_PhotobombAndPop_upWindows.framework */; };
		E31585C81F5FABC0009EA891 /* ImageContainer.bundle in Resources */ = {isa = PBXBuildFile; fileRef = E31585C71F5FABC0009EA891 /* ImageContainer.bundle */; };
		E31585DE1F5FB496009EA891 /* AJBCameraHelper.m in Sources */ = {isa = PBXBuildFile; fileRef = E31585CB1F5FB496009EA891 /* AJBCameraHelper.m */; };
		E31585DF1F5FB496009EA891 /* TZAssetCell.m in Sources */ = {isa = PBXBuildFile; fileRef = E31585CD1F5FB496009EA891 /* TZAssetCell.m */; };
		E31585E01F5FB496009EA891 /* TZAssetModel.m in Sources */ = {isa = PBXBuildFile; fileRef = E31585CF1F5FB496009EA891 /* TZAssetModel.m */; };
		E31585E11F5FB496009EA891 /* TZImageManager.m in Sources */ = {isa = PBXBuildFile; fileRef = E31585D11F5FB496009EA891 /* TZImageManager.m */; };
		E31585E21F5FB496009EA891 /* TZImagePickerController.m in Sources */ = {isa = PBXBuildFile; fileRef = E31585D31F5FB496009EA891 /* TZImagePickerController.m */; };
		E31585E31F5FB496009EA891 /* TZPhotoPickerController.m in Sources */ = {isa = PBXBuildFile; fileRef = E31585D51F5FB496009EA891 /* TZPhotoPickerController.m */; };
		E31585E41F5FB496009EA891 /* TZPhotoPreviewCell.m in Sources */ = {isa = PBXBuildFile; fileRef = E31585D71F5FB496009EA891 /* TZPhotoPreviewCell.m */; };
		E31585E51F5FB496009EA891 /* TZPhotoPreviewController.m in Sources */ = {isa = PBXBuildFile; fileRef = E31585D91F5FB496009EA891 /* TZPhotoPreviewController.m */; };
		E31585E61F5FB496009EA891 /* TZVideoPlayerController.m in Sources */ = {isa = PBXBuildFile; fileRef = E31585DB1F5FB496009EA891 /* TZVideoPlayerController.m */; };
		E31585E71F5FB496009EA891 /* UIView+Layout.m in Sources */ = {isa = PBXBuildFile; fileRef = E31585DD1F5FB496009EA891 /* UIView+Layout.m */; };
		E31585EE1F5FB556009EA891 /* UIView+AJBAlbumSheetView.m in Sources */ = {isa = PBXBuildFile; fileRef = E31585ED1F5FB556009EA891 /* UIView+AJBAlbumSheetView.m */; };
		E31585F11F5FB587009EA891 /* DOCNavigationViewController.m in Sources */ = {isa = PBXBuildFile; fileRef = E31585F01F5FB587009EA891 /* DOCNavigationViewController.m */; };
		E31585F41F5FB626009EA891 /* Colours.m in Sources */ = {isa = PBXBuildFile; fileRef = E31585F31F5FB626009EA891 /* Colours.m */; };
		E31585F71F5FB693009EA891 /* UIView+Extension.m in Sources */ = {isa = PBXBuildFile; fileRef = E31585F61F5FB693009EA891 /* UIView+Extension.m */; };
		E31585FA1F5FB8A8009EA891 /* LandingViewController.m in Sources */ = {isa = PBXBuildFile; fileRef = E31585F91F5FB8A8009EA891 /* LandingViewController.m */; };
		E31585FD1F5FE57C009EA891 /* TabBarViewController.m in Sources */ = {isa = PBXBuildFile; fileRef = E31585FC1F5FE57C009EA891 /* TabBarViewController.m */; };
		E31586001F5FE59B009EA891 /* OneViewController.m in Sources */ = {isa = PBXBuildFile; fileRef = E31585FF1F5FE59B009EA891 /* OneViewController.m */; };
		E31586031F5FE5A7009EA891 /* TwoViewController.m in Sources */ = {isa = PBXBuildFile; fileRef = E31586021F5FE5A7009EA891 /* TwoViewController.m */; };
		E315860B1F5FFC66009EA891 /* DOCBaseViewController.m in Sources */ = {isa = PBXBuildFile; fileRef = E31586081F5FFC66009EA891 /* DOCBaseViewController.m */; };
		E315860C1F5FFC66009EA891 /* DOCNavigationView.m in Sources */ = {isa = PBXBuildFile; fileRef = E315860A1F5FFC66009EA891 /* DOCNavigationView.m */; };
		E315860F1F5FFD76009EA891 /* ThreeViewController.m in Sources */ = {isa = PBXBuildFile; fileRef = E315860E1F5FFD76009EA891 /* ThreeViewController.m */; };
		E315861F1F60009C009EA891 /* AJBAlertPopView.m in Sources */ = {isa = PBXBuildFile; fileRef = E31586121F60009C009EA891 /* AJBAlertPopView.m */; };
		E31586201F60009C009EA891 /* AJBControlPopView.m in Sources */ = {isa = PBXBuildFile; fileRef = E31586141F60009C009EA891 /* AJBControlPopView.m */; };
		E31586211F60009C009EA891 /* AJBInsuranceBasePopView.m in Sources */ = {isa = PBXBuildFile; fileRef = E31586161F60009C009EA891 /* AJBInsuranceBasePopView.m */; };
		E31586231F60009C009EA891 /* AJBProgressPopView.m in Sources */ = {isa = PBXBuildFile; fileRef = E315861A1F60009C009EA891 /* AJBProgressPopView.m */; };
		E31586251F60009C009EA891 /* AJBSheetPopView.m in Sources */ = {isa = PBXBuildFile; fileRef = E315861E1F60009C009EA891 /* AJBSheetPopView.m */; };
		E398786C1F5FA51B0023B914 /* main.m in Sources */ = {isa = PBXBuildFile; fileRef = E398786B1F5FA51B0023B914 /* main.m */; };
		E398786F1F5FA51B0023B914 /* AppDelegate.m in Sources */ = {isa = PBXBuildFile; fileRef = E398786E1F5FA51B0023B914 /* AppDelegate.m */; };
		E39878751F5FA51B0023B914 /* Main.storyboard in Resources */ = {isa = PBXBuildFile; fileRef = E39878731F5FA51B0023B914 /* Main.storyboard */; };
		E39878771F5FA51B0023B914 /* Assets.xcassets in Resources */ = {isa = PBXBuildFile; fileRef = E39878761F5FA51B0023B914 /* Assets.xcassets */; };
		E398787A1F5FA51B0023B914 /* LaunchScreen.storyboard in Resources */ = {isa = PBXBuildFile; fileRef = E39878781F5FA51B0023B914 /* LaunchScreen.storyboard */; };
		E39878851F5FA51B0023B914 /* PhotobombAndPop_upWindowsTests.m in Sources */ = {isa = PBXBuildFile; fileRef = E39878841F5FA51B0023B914 /* PhotobombAndPop_upWindowsTests.m */; };
		E39878901F5FA51B0023B914 /* PhotobombAndPop_upWindowsUITests.m in Sources */ = {isa = PBXBuildFile; fileRef = E398788F1F5FA51B0023B914 /* PhotobombAndPop_upWindowsUITests.m */; };
		E3AF73CC1F6005F700958DB1 /* UIButton+TQEasyIcon.m in Sources */ = {isa = PBXBuildFile; fileRef = E3AF73CB1F6005F700958DB1 /* UIButton+TQEasyIcon.m */; };
		E3AF73CF1F60073D00958DB1 /* AJBProgressView.m in Sources */ = {isa = PBXBuildFile; fileRef = E3AF73CE1F60073D00958DB1 /* AJBProgressView.m */; };
/* End PBXBuildFile section */

/* Begin PBXContainerItemProxy section */
		E39878811F5FA51B0023B914 /* PBXContainerItemProxy */ = {
			isa = PBXContainerItemProxy;
			containerPortal = E398785F1F5FA51B0023B914 /* Project object */;
			proxyType = 1;
			remoteGlobalIDString = E39878661F5FA51B0023B914;
			remoteInfo = PhotobombAndPop_upWindows;
		};
		E398788C1F5FA51B0023B914 /* PBXContainerItemProxy */ = {
			isa = PBXContainerItemProxy;
			containerPortal = E398785F1F5FA51B0023B914 /* Project object */;
			proxyType = 1;
			remoteGlobalIDString = E39878661F5FA51B0023B914;
			remoteInfo = PhotobombAndPop_upWindows;
		};
/* End PBXContainerItemProxy section */

/* Begin PBXFileReference section */
		5C8F426B0239C5D7915408A1 /* Pods-PhotobombAndPop_upWindows.release.xcconfig */ = {isa = PBXFileReference; includeInIndex = 1; lastKnownFileType = text.xcconfig; name = "Pods-PhotobombAndPop_upWindows.release.xcconfig"; path = "Pods/Target Support Files/Pods-PhotobombAndPop_upWindows/Pods-PhotobombAndPop_upWindows.release.xcconfig"; sourceTree = "<group>"; };
		83FDB1712EA7CEB70571AE0C /* Pods-PhotobombAndPop_upWindows.debug.xcconfig */ = {isa = PBXFileReference; includeInIndex = 1; lastKnownFileType = text.xcconfig; name = "Pods-PhotobombAndPop_upWindows.debug.xcconfig"; path = "Pods/Target Support Files/Pods-PhotobombAndPop_upWindows/Pods-PhotobombAndPop_upWindows.debug.xcconfig"; sourceTree = "<group>"; };
		ABCF9DFD207CCD28E9C521D2 /* Pods_PhotobombAndPop_upWindows.framework */ = {isa = PBXFileReference; explicitFileType = wrapper.framework; includeInIndex = 0; path = Pods_PhotobombAndPop_upWindows.framework; sourceTree = BUILT_PRODUCTS_DIR; };
		E31585C61F5FA848009EA891 /* PrefixHeader.pch */ = {isa = PBXFileReference; lastKnownFileType = sourcecode.c.h; path = PrefixHeader.pch; sourceTree = "<group>"; };
		E31585C71F5FABC0009EA891 /* ImageContainer.bundle */ = {isa = PBXFileReference; lastKnownFileType = "wrapper.plug-in"; path = ImageContainer.bundle; sourceTree = "<group>"; };
		E31585CA1F5FB496009EA891 /* AJBCameraHelper.h */ = {isa = PBXFileReference; fileEncoding = 4; lastKnownFileType = sourcecode.c.h; path = AJBCameraHelper.h; sourceTree = "<group>"; };
		E31585CB1F5FB496009EA891 /* AJBCameraHelper.m */ = {isa = PBXFileReference; fileEncoding = 4; lastKnownFileType = sourcecode.c.objc; path = AJBCameraHelper.m; sourceTree = "<group>"; };
		E31585CC1F5FB496009EA891 /* TZAssetCell.h */ = {isa = PBXFileReference; fileEncoding = 4; lastKnownFileType = sourcecode.c.h; path = TZAssetCell.h; sourceTree = "<group>"; };
		E31585CD1F5FB496009EA891 /* TZAssetCell.m */ = {isa = PBXFileReference; fileEncoding = 4; lastKnownFileType = sourcecode.c.objc; path = TZAssetCell.m; sourceTree = "<group>"; };
		E31585CE1F5FB496009EA891 /* TZAssetModel.h */ = {isa = PBXFileReference; fileEncoding = 4; lastKnownFileType = sourcecode.c.h; path = TZAssetModel.h; sourceTree = "<group>"; };
		E31585CF1F5FB496009EA891 /* TZAssetModel.m */ = {isa = PBXFileReference; fileEncoding = 4; lastKnownFileType = sourcecode.c.objc; path = TZAssetModel.m; sourceTree = "<group>"; };
		E31585D01F5FB496009EA891 /* TZImageManager.h */ = {isa = PBXFileReference; fileEncoding = 4; lastKnownFileType = sourcecode.c.h; path = TZImageManager.h; sourceTree = "<group>"; };
		E31585D11F5FB496009EA891 /* TZImageManager.m */ = {isa = PBXFileReference; fileEncoding = 4; lastKnownFileType = sourcecode.c.objc; path = TZImageManager.m; sourceTree = "<group>"; };
		E31585D21F5FB496009EA891 /* TZImagePickerController.h */ = {isa = PBXFileReference; fileEncoding = 4; lastKnownFileType = sourcecode.c.h; path = TZImagePickerController.h; sourceTree = "<group>"; };
		E31585D31F5FB496009EA891 /* TZImagePickerController.m */ = {isa = PBXFileReference; fileEncoding = 4; lastKnownFileType = sourcecode.c.objc; path = TZImagePickerController.m; sourceTree = "<group>"; };
		E31585D41F5FB496009EA891 /* TZPhotoPickerController.h */ = {isa = PBXFileReference; fileEncoding = 4; lastKnownFileType = sourcecode.c.h; path = TZPhotoPickerController.h; sourceTree = "<group>"; };
		E31585D51F5FB496009EA891 /* TZPhotoPickerController.m */ = {isa = PBXFileReference; fileEncoding = 4; lastKnownFileType = sourcecode.c.objc; path = TZPhotoPickerController.m; sourceTree = "<group>"; };
		E31585D61F5FB496009EA891 /* TZPhotoPreviewCell.h */ = {isa = PBXFileReference; fileEncoding = 4; lastKnownFileType = sourcecode.c.h; path = TZPhotoPreviewCell.h; sourceTree = "<group>"; };
		E31585D71F5FB496009EA891 /* TZPhotoPreviewCell.m */ = {isa = PBXFileReference; fileEncoding = 4; lastKnownFileType = sourcecode.c.objc; path = TZPhotoPreviewCell.m; sourceTree = "<group>"; };
		E31585D81F5FB496009EA891 /* TZPhotoPreviewController.h */ = {isa = PBXFileReference; fileEncoding = 4; lastKnownFileType = sourcecode.c.h; path = TZPhotoPreviewController.h; sourceTree = "<group>"; };
		E31585D91F5FB496009EA891 /* TZPhotoPreviewController.m */ = {isa = PBXFileReference; fileEncoding = 4; lastKnownFileType = sourcecode.c.objc; path = TZPhotoPreviewController.m; sourceTree = "<group>"; };
		E31585DA1F5FB496009EA891 /* TZVideoPlayerController.h */ = {isa = PBXFileReference; fileEncoding = 4; lastKnownFileType = sourcecode.c.h; path = TZVideoPlayerController.h; sourceTree = "<group>"; };
		E31585DB1F5FB496009EA891 /* TZVideoPlayerController.m */ = {isa = PBXFileReference; fileEncoding = 4; lastKnownFileType = sourcecode.c.objc; path = TZVideoPlayerController.m; sourceTree = "<group>"; };
		E31585DC1F5FB496009EA891 /* UIView+Layout.h */ = {isa = PBXFileReference; fileEncoding = 4; lastKnownFileType = sourcecode.c.h; path = "UIView+Layout.h"; sourceTree = "<group>"; };
		E31585DD1F5FB496009EA891 /* UIView+Layout.m */ = {isa = PBXFileReference; fileEncoding = 4; lastKnownFileType = sourcecode.c.objc; path = "UIView+Layout.m"; sourceTree = "<group>"; };
		E31585EC1F5FB556009EA891 /* UIView+AJBAlbumSheetView.h */ = {isa = PBXFileReference; fileEncoding = 4; lastKnownFileType = sourcecode.c.h; path = "UIView+AJBAlbumSheetView.h"; sourceTree = "<group>"; };
		E31585ED1F5FB556009EA891 /* UIView+AJBAlbumSheetView.m */ = {isa = PBXFileReference; fileEncoding = 4; lastKnownFileType = sourcecode.c.objc; path = "UIView+AJBAlbumSheetView.m"; sourceTree = "<group>"; };
		E31585EF1F5FB587009EA891 /* DOCNavigationViewController.h */ = {isa = PBXFileReference; fileEncoding = 4; lastKnownFileType = sourcecode.c.h; path = DOCNavigationViewController.h; sourceTree = "<group>"; };
		E31585F01F5FB587009EA891 /* DOCNavigationViewController.m */ = {isa = PBXFileReference; fileEncoding = 4; lastKnownFileType = sourcecode.c.objc; path = DOCNavigationViewController.m; sourceTree = "<group>"; };
		E31585F21F5FB626009EA891 /* Colours.h */ = {isa = PBXFileReference; fileEncoding = 4; lastKnownFileType = sourcecode.c.h; path = Colours.h; sourceTree = "<group>"; };
		E31585F31F5FB626009EA891 /* Colours.m */ = {isa = PBXFileReference; fileEncoding = 4; lastKnownFileType = sourcecode.c.objc; path = Colours.m; sourceTree = "<group>"; };
		E31585F51F5FB693009EA891 /* UIView+Extension.h */ = {isa = PBXFileReference; fileEncoding = 4; lastKnownFileType = sourcecode.c.h; path = "UIView+Extension.h"; sourceTree = "<group>"; };
		E31585F61F5FB693009EA891 /* UIView+Extension.m */ = {isa = PBXFileReference; fileEncoding = 4; lastKnownFileType = sourcecode.c.objc; path = "UIView+Extension.m"; sourceTree = "<group>"; };
		E31585F81F5FB8A8009EA891 /* LandingViewController.h */ = {isa = PBXFileReference; fileEncoding = 4; lastKnownFileType = sourcecode.c.h; path = LandingViewController.h; sourceTree = "<group>"; };
		E31585F91F5FB8A8009EA891 /* LandingViewController.m */ = {isa = PBXFileReference; fileEncoding = 4; lastKnownFileType = sourcecode.c.objc; path = LandingViewController.m; sourceTree = "<group>"; };
		E31585FB1F5FE57C009EA891 /* TabBarViewController.h */ = {isa = PBXFileReference; fileEncoding = 4; lastKnownFileType = sourcecode.c.h; path = TabBarViewController.h; sourceTree = "<group>"; };
		E31585FC1F5FE57C009EA891 /* TabBarViewController.m */ = {isa = PBXFileReference; fileEncoding = 4; lastKnownFileType = sourcecode.c.objc; path = TabBarViewController.m; sourceTree = "<group>"; };
		E31585FE1F5FE59B009EA891 /* OneViewController.h */ = {isa = PBXFileReference; fileEncoding = 4; lastKnownFileType = sourcecode.c.h; path = OneViewController.h; sourceTree = "<group>"; };
		E31585FF1F5FE59B009EA891 /* OneViewController.m */ = {isa = PBXFileReference; fileEncoding = 4; lastKnownFileType = sourcecode.c.objc; path = OneViewController.m; sourceTree = "<group>"; };
		E31586011F5FE5A7009EA891 /* TwoViewController.h */ = {isa = PBXFileReference; fileEncoding = 4; lastKnownFileType = sourcecode.c.h; path = TwoViewController.h; sourceTree = "<group>"; };
		E31586021F5FE5A7009EA891 /* TwoViewController.m */ = {isa = PBXFileReference; fileEncoding = 4; lastKnownFileType = sourcecode.c.objc; path = TwoViewController.m; sourceTree = "<group>"; };
		E31586071F5FFC66009EA891 /* DOCBaseViewController.h */ = {isa = PBXFileReference; fileEncoding = 4; lastKnownFileType = sourcecode.c.h; path = DOCBaseViewController.h; sourceTree = "<group>"; };
		E31586081F5FFC66009EA891 /* DOCBaseViewController.m */ = {isa = PBXFileReference; fileEncoding = 4; lastKnownFileType = sourcecode.c.objc; path = DOCBaseViewController.m; sourceTree = "<group>"; };
		E31586091F5FFC66009EA891 /* DOCNavigationView.h */ = {isa = PBXFileReference; fileEncoding = 4; lastKnownFileType = sourcecode.c.h; path = DOCNavigationView.h; sourceTree = "<group>"; };
		E315860A1F5FFC66009EA891 /* DOCNavigationView.m */ = {isa = PBXFileReference; fileEncoding = 4; lastKnownFileType = sourcecode.c.objc; path = DOCNavigationView.m; sourceTree = "<group>"; };
		E315860D1F5FFD76009EA891 /* ThreeViewController.h */ = {isa = PBXFileReference; fileEncoding = 4; lastKnownFileType = sourcecode.c.h; path = ThreeViewController.h; sourceTree = "<group>"; };
		E315860E1F5FFD76009EA891 /* ThreeViewController.m */ = {isa = PBXFileReference; fileEncoding = 4; lastKnownFileType = sourcecode.c.objc; path = ThreeViewController.m; sourceTree = "<group>"; };
		E31586111F60009C009EA891 /* AJBAlertPopView.h */ = {isa = PBXFileReference; fileEncoding = 4; lastKnownFileType = sourcecode.c.h; path = AJBAlertPopView.h; sourceTree = "<group>"; };
		E31586121F60009C009EA891 /* AJBAlertPopView.m */ = {isa = PBXFileReference; fileEncoding = 4; lastKnownFileType = sourcecode.c.objc; path = AJBAlertPopView.m; sourceTree = "<group>"; };
		E31586131F60009C009EA891 /* AJBControlPopView.h */ = {isa = PBXFileReference; fileEncoding = 4; lastKnownFileType = sourcecode.c.h; path = AJBControlPopView.h; sourceTree = "<group>"; };
		E31586141F60009C009EA891 /* AJBControlPopView.m */ = {isa = PBXFileReference; fileEncoding = 4; lastKnownFileType = sourcecode.c.objc; path = AJBControlPopView.m; sourceTree = "<group>"; };
		E31586151F60009C009EA891 /* AJBInsuranceBasePopView.h */ = {isa = PBXFileReference; fileEncoding = 4; lastKnownFileType = sourcecode.c.h; path = AJBInsuranceBasePopView.h; sourceTree = "<group>"; };
		E31586161F60009C009EA891 /* AJBInsuranceBasePopView.m */ = {isa = PBXFileReference; fileEncoding = 4; lastKnownFileType = sourcecode.c.objc; path = AJBInsuranceBasePopView.m; sourceTree = "<group>"; };
		E31586191F60009C009EA891 /* AJBProgressPopView.h */ = {isa = PBXFileReference; fileEncoding = 4; lastKnownFileType = sourcecode.c.h; path = AJBProgressPopView.h; sourceTree = "<group>"; };
		E315861A1F60009C009EA891 /* AJBProgressPopView.m */ = {isa = PBXFileReference; fileEncoding = 4; lastKnownFileType = sourcecode.c.objc; path = AJBProgressPopView.m; sourceTree = "<group>"; };
		E315861D1F60009C009EA891 /* AJBSheetPopView.h */ = {isa = PBXFileReference; fileEncoding = 4; lastKnownFileType = sourcecode.c.h; path = AJBSheetPopView.h; sourceTree = "<group>"; };
		E315861E1F60009C009EA891 /* AJBSheetPopView.m */ = {isa = PBXFileReference; fileEncoding = 4; lastKnownFileType = sourcecode.c.objc; path = AJBSheetPopView.m; sourceTree = "<group>"; };
		E39878671F5FA51B0023B914 /* PhotobombAndPop_upWindows.app */ = {isa = PBXFileReference; explicitFileType = wrapper.application; includeInIndex = 0; path = PhotobombAndPop_upWindows.app; sourceTree = BUILT_PRODUCTS_DIR; };
		E398786B1F5FA51B0023B914 /* main.m */ = {isa = PBXFileReference; lastKnownFileType = sourcecode.c.objc; path = main.m; sourceTree = "<group>"; };
		E398786D1F5FA51B0023B914 /* AppDelegate.h */ = {isa = PBXFileReference; lastKnownFileType = sourcecode.c.h; path = AppDelegate.h; sourceTree = "<group>"; };
		E398786E1F5FA51B0023B914 /* AppDelegate.m */ = {isa = PBXFileReference; lastKnownFileType = sourcecode.c.objc; path = AppDelegate.m; sourceTree = "<group>"; };
		E39878741F5FA51B0023B914 /* Base */ = {isa = PBXFileReference; lastKnownFileType = file.storyboard; name = Base; path = Base.lproj/Main.storyboard; sourceTree = "<group>"; };
		E39878761F5FA51B0023B914 /* Assets.xcassets */ = {isa = PBXFileReference; lastKnownFileType = folder.assetcatalog; path = Assets.xcassets; sourceTree = "<group>"; };
		E39878791F5FA51B0023B914 /* Base */ = {isa = PBXFileReference; lastKnownFileType = file.storyboard; name = Base; path = Base.lproj/LaunchScreen.storyboard; sourceTree = "<group>"; };
		E398787B1F5FA51B0023B914 /* Info.plist */ = {isa = PBXFileReference; lastKnownFileType = text.plist.xml; path = Info.plist; sourceTree = "<group>"; };
		E39878801F5FA51B0023B914 /* PhotobombAndPop_upWindowsTests.xctest */ = {isa = PBXFileReference; explicitFileType = wrapper.cfbundle; includeInIndex = 0; path = PhotobombAndPop_upWindowsTests.xctest; sourceTree = BUILT_PRODUCTS_DIR; };
		E39878841F5FA51B0023B914 /* PhotobombAndPop_upWindowsTests.m */ = {isa = PBXFileReference; lastKnownFileType = sourcecode.c.objc; path = PhotobombAndPop_upWindowsTests.m; sourceTree = "<group>"; };
		E39878861F5FA51B0023B914 /* Info.plist */ = {isa = PBXFileReference; lastKnownFileType = text.plist.xml; path = Info.plist; sourceTree = "<group>"; };
		E398788B1F5FA51B0023B914 /* PhotobombAndPop_upWindowsUITests.xctest */ = {isa = PBXFileReference; explicitFileType = wrapper.cfbundle; includeInIndex = 0; path = PhotobombAndPop_upWindowsUITests.xctest; sourceTree = BUILT_PRODUCTS_DIR; };
		E398788F1F5FA51B0023B914 /* PhotobombAndPop_upWindowsUITests.m */ = {isa = PBXFileReference; lastKnownFileType = sourcecode.c.objc; path = PhotobombAndPop_upWindowsUITests.m; sourceTree = "<group>"; };
		E39878911F5FA51B0023B914 /* Info.plist */ = {isa = PBXFileReference; lastKnownFileType = text.plist.xml; path = Info.plist; sourceTree = "<group>"; };
		E3AF73CA1F6005F700958DB1 /* UIButton+TQEasyIcon.h */ = {isa = PBXFileReference; fileEncoding = 4; lastKnownFileType = sourcecode.c.h; path = "UIButton+TQEasyIcon.h"; sourceTree = "<group>"; };
		E3AF73CB1F6005F700958DB1 /* UIButton+TQEasyIcon.m */ = {isa = PBXFileReference; fileEncoding = 4; lastKnownFileType = sourcecode.c.objc; path = "UIButton+TQEasyIcon.m"; sourceTree = "<group>"; };
		E3AF73CD1F60073D00958DB1 /* AJBProgressView.h */ = {isa = PBXFileReference; fileEncoding = 4; lastKnownFileType = sourcecode.c.h; path = AJBProgressView.h; sourceTree = "<group>"; };
		E3AF73CE1F60073D00958DB1 /* AJBProgressView.m */ = {isa = PBXFileReference; fileEncoding = 4; lastKnownFileType = sourcecode.c.objc; path = AJBProgressView.m; sourceTree = "<group>"; };
/* End PBXFileReference section */

/* Begin PBXFrameworksBuildPhase section */
		E39878641F5FA51B0023B914 /* Frameworks */ = {
			isa = PBXFrameworksBuildPhase;
			buildActionMask = 2147483647;
			files = (
				87FF0EC72694ADA8365049F2 /* Pods_PhotobombAndPop_upWindows.framework in Frameworks */,
			);
			runOnlyForDeploymentPostprocessing = 0;
		};
		E398787D1F5FA51B0023B914 /* Frameworks */ = {
			isa = PBXFrameworksBuildPhase;
			buildActionMask = 2147483647;
			files = (
			);
			runOnlyForDeploymentPostprocessing = 0;
		};
		E39878881F5FA51B0023B914 /* Frameworks */ = {
			isa = PBXFrameworksBuildPhase;
			buildActionMask = 2147483647;
			files = (
			);
			runOnlyForDeploymentPostprocessing = 0;
		};
/* End PBXFrameworksBuildPhase section */

/* Begin PBXGroup section */
		3FADF4A31DB4D6B4D3AD60AF /* Frameworks */ = {
			isa = PBXGroup;
			children = (
				ABCF9DFD207CCD28E9C521D2 /* Pods_PhotobombAndPop_upWindows.framework */,
			);
			name = Frameworks;
			sourceTree = "<group>";
		};
		C3FF7D8F4339248FB1327D99 /* Pods */ = {
			isa = PBXGroup;
			children = (
				83FDB1712EA7CEB70571AE0C /* Pods-PhotobombAndPop_upWindows.debug.xcconfig */,
				5C8F426B0239C5D7915408A1 /* Pods-PhotobombAndPop_upWindows.release.xcconfig */,
			);
			name = Pods;
			sourceTree = "<group>";
		};
		E31585C91F5FB496009EA891 /* TZImagePickerController */ = {
			isa = PBXGroup;
			children = (
				E31585CA1F5FB496009EA891 /* AJBCameraHelper.h */,
				E31585CB1F5FB496009EA891 /* AJBCameraHelper.m */,
				E31585CC1F5FB496009EA891 /* TZAssetCell.h */,
				E31585CD1F5FB496009EA891 /* TZAssetCell.m */,
				E31585CE1F5FB496009EA891 /* TZAssetModel.h */,
				E31585CF1F5FB496009EA891 /* TZAssetModel.m */,
				E31585D01F5FB496009EA891 /* TZImageManager.h */,
				E31585D11F5FB496009EA891 /* TZImageManager.m */,
				E31585D21F5FB496009EA891 /* TZImagePickerController.h */,
				E31585D31F5FB496009EA891 /* TZImagePickerController.m */,
				E31585D41F5FB496009EA891 /* TZPhotoPickerController.h */,
				E31585D51F5FB496009EA891 /* TZPhotoPickerController.m */,
				E31585D61F5FB496009EA891 /* TZPhotoPreviewCell.h */,
				E31585D71F5FB496009EA891 /* TZPhotoPreviewCell.m */,
				E31585D81F5FB496009EA891 /* TZPhotoPreviewController.h */,
				E31585D91F5FB496009EA891 /* TZPhotoPreviewController.m */,
				E31585DA1F5FB496009EA891 /* TZVideoPlayerController.h */,
				E31585DB1F5FB496009EA891 /* TZVideoPlayerController.m */,
				E31585DC1F5FB496009EA891 /* UIView+Layout.h */,
				E31585DD1F5FB496009EA891 /* UIView+Layout.m */,
			);
			path = TZImagePickerController;
			sourceTree = "<group>";
		};
		E31586101F60009C009EA891 /* popview */ = {
			isa = PBXGroup;
			children = (
				E31586111F60009C009EA891 /* AJBAlertPopView.h */,
				E31586121F60009C009EA891 /* AJBAlertPopView.m */,
				E31586131F60009C009EA891 /* AJBControlPopView.h */,
				E31586141F60009C009EA891 /* AJBControlPopView.m */,
				E31586151F60009C009EA891 /* AJBInsuranceBasePopView.h */,
				E31586161F60009C009EA891 /* AJBInsuranceBasePopView.m */,
				E31586191F60009C009EA891 /* AJBProgressPopView.h */,
				E315861A1F60009C009EA891 /* AJBProgressPopView.m */,
				E315861D1F60009C009EA891 /* AJBSheetPopView.h */,
				E315861E1F60009C009EA891 /* AJBSheetPopView.m */,
				E3AF73CD1F60073D00958DB1 /* AJBProgressView.h */,
				E3AF73CE1F60073D00958DB1 /* AJBProgressView.m */,
			);
			path = popview;
			sourceTree = "<group>";
		};
		E398785E1F5FA51B0023B914 = {
			isa = PBXGroup;
			children = (
				E39878691F5FA51B0023B914 /* PhotobombAndPop_upWindows */,
				E39878831F5FA51B0023B914 /* PhotobombAndPop_upWindowsTests */,
				E398788E1F5FA51B0023B914 /* PhotobombAndPop_upWindowsUITests */,
				E39878681F5FA51B0023B914 /* Products */,
				C3FF7D8F4339248FB1327D99 /* Pods */,
				3FADF4A31DB4D6B4D3AD60AF /* Frameworks */,
			);
			sourceTree = "<group>";
		};
		E39878681F5FA51B0023B914 /* Products */ = {
			isa = PBXGroup;
			children = (
				E39878671F5FA51B0023B914 /* PhotobombAndPop_upWindows.app */,
				E39878801F5FA51B0023B914 /* PhotobombAndPop_upWindowsTests.xctest */,
				E398788B1F5FA51B0023B914 /* PhotobombAndPop_upWindowsUITests.xctest */,
			);
			name = Products;
			sourceTree = "<group>";
		};
		E39878691F5FA51B0023B914 /* PhotobombAndPop_upWindows */ = {
			isa = PBXGroup;
			children = (
				E31586101F60009C009EA891 /* popview */,
				E31585C91F5FB496009EA891 /* TZImagePickerController */,
				E398786D1F5FA51B0023B914 /* AppDelegate.h */,
				E398786E1F5FA51B0023B914 /* AppDelegate.m */,
				E31586071F5FFC66009EA891 /* DOCBaseViewController.h */,
				E31586081F5FFC66009EA891 /* DOCBaseViewController.m */,
				E31586091F5FFC66009EA891 /* DOCNavigationView.h */,
				E315860A1F5FFC66009EA891 /* DOCNavigationView.m */,
				E31585F81F5FB8A8009EA891 /* LandingViewController.h */,
				E31585F91F5FB8A8009EA891 /* LandingViewController.m */,
				E31585FB1F5FE57C009EA891 /* TabBarViewController.h */,
				E31585FC1F5FE57C009EA891 /* TabBarViewController.m */,
				E31585FE1F5FE59B009EA891 /* OneViewController.h */,
				E31585FF1F5FE59B009EA891 /* OneViewController.m */,
				E31586011F5FE5A7009EA891 /* TwoViewController.h */,
				E31586021F5FE5A7009EA891 /* TwoViewController.m */,
				E315860D1F5FFD76009EA891 /* ThreeViewController.h */,
				E315860E1F5FFD76009EA891 /* ThreeViewController.m */,
				E31585EC1F5FB556009EA891 /* UIView+AJBAlbumSheetView.h */,
				E31585ED1F5FB556009EA891 /* UIView+AJBAlbumSheetView.m */,
				E31585EF1F5FB587009EA891 /* DOCNavigationViewController.h */,
				E31585F01F5FB587009EA891 /* DOCNavigationViewController.m */,
				E31585F21F5FB626009EA891 /* Colours.h */,
				E31585F31F5FB626009EA891 /* Colours.m */,
				E31585F51F5FB693009EA891 /* UIView+Extension.h */,
				E31585F61F5FB693009EA891 /* UIView+Extension.m */,
				E3AF73CA1F6005F700958DB1 /* UIButton+TQEasyIcon.h */,
				E3AF73CB1F6005F700958DB1 /* UIButton+TQEasyIcon.m */,
				E31585C71F5FABC0009EA891 /* ImageContainer.bundle */,
				E39878731F5FA51B0023B914 /* Main.storyboard */,
				E39878761F5FA51B0023B914 /* Assets.xcassets */,
				E39878781F5FA51B0023B914 /* LaunchScreen.storyboard */,
				E398787B1F5FA51B0023B914 /* Info.plist */,
				E31585C61F5FA848009EA891 /* PrefixHeader.pch */,
				E398786A1F5FA51B0023B914 /* Supporting Files */,
			);
			path = PhotobombAndPop_upWindows;
			sourceTree = "<group>";
		};
		E398786A1F5FA51B0023B914 /* Supporting Files */ = {
			isa = PBXGroup;
			children = (
				E398786B1F5FA51B0023B914 /* main.m */,
			);
			name = "Supporting Files";
			sourceTree = "<group>";
		};
		E39878831F5FA51B0023B914 /* PhotobombAndPop_upWindowsTests */ = {
			isa = PBXGroup;
			children = (
				E39878841F5FA51B0023B914 /* PhotobombAndPop_upWindowsTests.m */,
				E39878861F5FA51B0023B914 /* Info.plist */,
			);
			path = PhotobombAndPop_upWindowsTests;
			sourceTree = "<group>";
		};
		E398788E1F5FA51B0023B914 /* PhotobombAndPop_upWindowsUITests */ = {
			isa = PBXGroup;
			children = (
				E398788F1F5FA51B0023B914 /* PhotobombAndPop_upWindowsUITests.m */,
				E39878911F5FA51B0023B914 /* Info.plist */,
			);
			path = PhotobombAndPop_upWindowsUITests;
			sourceTree = "<group>";
		};
/* End PBXGroup section */

/* Begin PBXNativeTarget section */
		E39878661F5FA51B0023B914 /* PhotobombAndPop_upWindows */ = {
			isa = PBXNativeTarget;
			buildConfigurationList = E39878941F5FA51B0023B914 /* Build configuration list for PBXNativeTarget "PhotobombAndPop_upWindows" */;
			buildPhases = (
				6341E3704C71AE8E868E13BD /* [CP] Check Pods Manifest.lock */,
				E39878631F5FA51B0023B914 /* Sources */,
				E39878641F5FA51B0023B914 /* Frameworks */,
				E39878651F5FA51B0023B914 /* Resources */,
				472F150A8666D3F343647567 /* [CP] Embed Pods Frameworks */,
				A3EE98FF2D6217E72A6F1965 /* [CP] Copy Pods Resources */,
			);
			buildRules = (
			);
			dependencies = (
			);
			name = PhotobombAndPop_upWindows;
			productName = PhotobombAndPop_upWindows;
			productReference = E39878671F5FA51B0023B914 /* PhotobombAndPop_upWindows.app */;
			productType = "com.apple.product-type.application";
		};
		E398787F1F5FA51B0023B914 /* PhotobombAndPop_upWindowsTests */ = {
			isa = PBXNativeTarget;
			buildConfigurationList = E39878971F5FA51B0023B914 /* Build configuration list for PBXNativeTarget "PhotobombAndPop_upWindowsTests" */;
			buildPhases = (
				E398787C1F5FA51B0023B914 /* Sources */,
				E398787D1F5FA51B0023B914 /* Frameworks */,
				E398787E1F5FA51B0023B914 /* Resources */,
			);
			buildRules = (
			);
			dependencies = (
				E39878821F5FA51B0023B914 /* PBXTargetDependency */,
			);
			name = PhotobombAndPop_upWindowsTests;
			productName = PhotobombAndPop_upWindowsTests;
			productReference = E39878801F5FA51B0023B914 /* PhotobombAndPop_upWindowsTests.xctest */;
			productType = "com.apple.product-type.bundle.unit-test";
		};
		E398788A1F5FA51B0023B914 /* PhotobombAndPop_upWindowsUITests */ = {
			isa = PBXNativeTarget;
			buildConfigurationList = E398789A1F5FA51B0023B914 /* Build configuration list for PBXNativeTarget "PhotobombAndPop_upWindowsUITests" */;
			buildPhases = (
				E39878871F5FA51B0023B914 /* Sources */,
				E39878881F5FA51B0023B914 /* Frameworks */,
				E39878891F5FA51B0023B914 /* Resources */,
			);
			buildRules = (
			);
			dependencies = (
				E398788D1F5FA51B0023B914 /* PBXTargetDependency */,
			);
			name = PhotobombAndPop_upWindowsUITests;
			productName = PhotobombAndPop_upWindowsUITests;
			productReference = E398788B1F5FA51B0023B914 /* PhotobombAndPop_upWindowsUITests.xctest */;
			productType = "com.apple.product-type.bundle.ui-testing";
		};
/* End PBXNativeTarget section */

/* Begin PBXProject section */
		E398785F1F5FA51B0023B914 /* Project object */ = {
			isa = PBXProject;
			attributes = {
				LastUpgradeCheck = 0820;
				ORGANIZATIONNAME = Marchisio;
				TargetAttributes = {
					E39878661F5FA51B0023B914 = {
						CreatedOnToolsVersion = 8.2.1;
						ProvisioningStyle = Automatic;
					};
					E398787F1F5FA51B0023B914 = {
						CreatedOnToolsVersion = 8.2.1;
						ProvisioningStyle = Automatic;
						TestTargetID = E39878661F5FA51B0023B914;
					};
					E398788A1F5FA51B0023B914 = {
						CreatedOnToolsVersion = 8.2.1;
						ProvisioningStyle = Automatic;
						TestTargetID = E39878661F5FA51B0023B914;
					};
				};
			};
			buildConfigurationList = E39878621F5FA51B0023B914 /* Build configuration list for PBXProject "PhotobombAndPop_upWindows" */;
			compatibilityVersion = "Xcode 3.2";
			developmentRegion = English;
			hasScannedForEncodings = 0;
			knownRegions = (
				en,
				Base,
			);
			mainGroup = E398785E1F5FA51B0023B914;
			productRefGroup = E39878681F5FA51B0023B914 /* Products */;
			projectDirPath = "";
			projectRoot = "";
			targets = (
				E39878661F5FA51B0023B914 /* PhotobombAndPop_upWindows */,
				E398787F1F5FA51B0023B914 /* PhotobombAndPop_upWindowsTests */,
				E398788A1F5FA51B0023B914 /* PhotobombAndPop_upWindowsUITests */,
			);
		};
/* End PBXProject section */

/* Begin PBXResourcesBuildPhase section */
		E39878651F5FA51B0023B914 /* Resources */ = {
			isa = PBXResourcesBuildPhase;
			buildActionMask = 2147483647;
			files = (
				E398787A1F5FA51B0023B914 /* LaunchScreen.storyboard in Resources */,
				E39878771F5FA51B0023B914 /* Assets.xcassets in Resources */,
				E39878751F5FA51B0023B914 /* Main.storyboard in Resources */,
				E31585C81F5FABC0009EA891 /* ImageContainer.bundle in Resources */,
			);
			runOnlyForDeploymentPostprocessing = 0;
		};
		E398787E1F5FA51B0023B914 /* Resources */ = {
			isa = PBXResourcesBuildPhase;
			buildActionMask = 2147483647;
			files = (
			);
			runOnlyForDeploymentPostprocessing = 0;
		};
		E39878891F5FA51B0023B914 /* Resources */ = {
			isa = PBXResourcesBuildPhase;
			buildActionMask = 2147483647;
			files = (
			);
			runOnlyForDeploymentPostprocessing = 0;
		};
/* End PBXResourcesBuildPhase section */

/* Begin PBXShellScriptBuildPhase section */
		472F150A8666D3F343647567 /* [CP] Embed Pods Frameworks */ = {
			isa = PBXShellScriptBuildPhase;
			buildActionMask = 2147483647;
			files = (
			);
			inputPaths = (
			);
			name = "[CP] Embed Pods Frameworks";
			outputPaths = (
			);
			runOnlyForDeploymentPostprocessing = 0;
			shellPath = /bin/sh;
			shellScript = "\"${SRCROOT}/Pods/Target Support Files/Pods-PhotobombAndPop_upWindows/Pods-PhotobombAndPop_upWindows-frameworks.sh\"\n";
			showEnvVarsInLog = 0;
		};
		6341E3704C71AE8E868E13BD /* [CP] Check Pods Manifest.lock */ = {
			isa = PBXShellScriptBuildPhase;
			buildActionMask = 2147483647;
			files = (
			);
			inputPaths = (
			);
			name = "[CP] Check Pods Manifest.lock";
			outputPaths = (
			);
			runOnlyForDeploymentPostprocessing = 0;
			shellPath = /bin/sh;
			shellScript = "diff \"${PODS_ROOT}/../Podfile.lock\" \"${PODS_ROOT}/Manifest.lock\" > /dev/null\nif [ $? != 0 ] ; then\n    # print error to STDERR\n    echo \"error: The sandbox is not in sync with the Podfile.lock. Run 'pod install' or update your CocoaPods installation.\" >&2\n    exit 1\nfi\n";
			showEnvVarsInLog = 0;
		};
		A3EE98FF2D6217E72A6F1965 /* [CP] Copy Pods Resources */ = {
			isa = PBXShellScriptBuildPhase;
			buildActionMask = 2147483647;
			files = (
			);
			inputPaths = (
			);
			name = "[CP] Copy Pods Resources";
			outputPaths = (
			);
			runOnlyForDeploymentPostprocessing = 0;
			shellPath = /bin/sh;
			shellScript = "\"${SRCROOT}/Pods/Target Support Files/Pods-PhotobombAndPop_upWindows/Pods-PhotobombAndPop_upWindows-resources.sh\"\n";
			showEnvVarsInLog = 0;
		};
/* End PBXShellScriptBuildPhase section */

/* Begin PBXSourcesBuildPhase section */
		E39878631F5FA51B0023B914 /* Sources */ = {
			isa = PBXSourcesBuildPhase;
			buildActionMask = 2147483647;
			files = (
				E31586251F60009C009EA891 /* AJBSheetPopView.m in Sources */,
				E31585E51F5FB496009EA891 /* TZPhotoPreviewController.m in Sources */,
				E31585E01F5FB496009EA891 /* TZAssetModel.m in Sources */,
				E31585E61F5FB496009EA891 /* TZVideoPlayerController.m in Sources */,
				E315861F1F60009C009EA891 /* AJBAlertPopView.m in Sources */,
				E31586031F5FE5A7009EA891 /* TwoViewController.m in Sources */,
				E31586201F60009C009EA891 /* AJBControlPopView.m in Sources */,
				E31585EE1F5FB556009EA891 /* UIView+AJBAlbumSheetView.m in Sources */,
				E31585E11F5FB496009EA891 /* TZImageManager.m in Sources */,
				E31585F71F5FB693009EA891 /* UIView+Extension.m in Sources */,
				E31585E71F5FB496009EA891 /* UIView+Layout.m in Sources */,
				E31586211F60009C009EA891 /* AJBInsuranceBasePopView.m in Sources */,
				E31585E41F5FB496009EA891 /* TZPhotoPreviewCell.m in Sources */,
				E3AF73CC1F6005F700958DB1 /* UIButton+TQEasyIcon.m in Sources */,
				E31585E31F5FB496009EA891 /* TZPhotoPickerController.m in Sources */,
				E315860C1F5FFC66009EA891 /* DOCNavigationView.m in Sources */,
				E31585DF1F5FB496009EA891 /* TZAssetCell.m in Sources */,
				E315860F1F5FFD76009EA891 /* ThreeViewController.m in Sources */,
				E398786F1F5FA51B0023B914 /* AppDelegate.m in Sources */,
				E31585F41F5FB626009EA891 /* Colours.m in Sources */,
				E31585DE1F5FB496009EA891 /* AJBCameraHelper.m in Sources */,
				E31586001F5FE59B009EA891 /* OneViewController.m in Sources */,
				E31585F11F5FB587009EA891 /* DOCNavigationViewController.m in Sources */,
				E398786C1F5FA51B0023B914 /* main.m in Sources */,
				E31586231F60009C009EA891 /* AJBProgressPopView.m in Sources */,
				E3AF73CF1F60073D00958DB1 /* AJBProgressView.m in Sources */,
				E315860B1F5FFC66009EA891 /* DOCBaseViewController.m in Sources */,
				E31585FA1F5FB8A8009EA891 /* LandingViewController.m in Sources */,
				E31585FD1F5FE57C009EA891 /* TabBarViewController.m in Sources */,
				E31585E21F5FB496009EA891 /* TZImagePickerController.m in Sources */,
			);
			runOnlyForDeploymentPostprocessing = 0;
		};
		E398787C1F5FA51B0023B914 /* Sources */ = {
			isa = PBXSourcesBuildPhase;
			buildActionMask = 2147483647;
			files = (
				E39878851F5FA51B0023B914 /* PhotobombAndPop_upWindowsTests.m in Sources */,
			);
			runOnlyForDeploymentPostprocessing = 0;
		};
		E39878871F5FA51B0023B914 /* Sources */ = {
			isa = PBXSourcesBuildPhase;
			buildActionMask = 2147483647;
			files = (
				E39878901F5FA51B0023B914 /* PhotobombAndPop_upWindowsUITests.m in Sources */,
			);
			runOnlyForDeploymentPostprocessing = 0;
		};
/* End PBXSourcesBuildPhase section */

/* Begin PBXTargetDependency section */
		E39878821F5FA51B0023B914 /* PBXTargetDependency */ = {
			isa = PBXTargetDependency;
			target = E39878661F5FA51B0023B914 /* PhotobombAndPop_upWindows */;
			targetProxy = E39878811F5FA51B0023B914 /* PBXContainerItemProxy */;
		};
		E398788D1F5FA51B0023B914 /* PBXTargetDependency */ = {
			isa = PBXTargetDependency;
			target = E39878661F5FA51B0023B914 /* PhotobombAndPop_upWindows */;
			targetProxy = E398788C1F5FA51B0023B914 /* PBXContainerItemProxy */;
		};
/* End PBXTargetDependency section */

/* Begin PBXVariantGroup section */
		E39878731F5FA51B0023B914 /* Main.storyboard */ = {
			isa = PBXVariantGroup;
			children = (
				E39878741F5FA51B0023B914 /* Base */,
			);
			name = Main.storyboard;
			sourceTree = "<group>";
		};
		E39878781F5FA51B0023B914 /* LaunchScreen.storyboard */ = {
			isa = PBXVariantGroup;
			children = (
				E39878791F5FA51B0023B914 /* Base */,
			);
			name = LaunchScreen.storyboard;
			sourceTree = "<group>";
		};
/* End PBXVariantGroup section */

/* Begin XCBuildConfiguration section */
		E39878921F5FA51B0023B914 /* Debug */ = {
			isa = XCBuildConfiguration;
			buildSettings = {
				ALWAYS_SEARCH_USER_PATHS = NO;
				CLANG_ANALYZER_NONNULL = YES;
				CLANG_CXX_LANGUAGE_STANDARD = "gnu++0x";
				CLANG_CXX_LIBRARY = "libc++";
				CLANG_ENABLE_MODULES = YES;
				CLANG_ENABLE_OBJC_ARC = YES;
				CLANG_WARN_BOOL_CONVERSION = YES;
				CLANG_WARN_CONSTANT_CONVERSION = YES;
				CLANG_WARN_DIRECT_OBJC_ISA_USAGE = YES_ERROR;
				CLANG_WARN_DOCUMENTATION_COMMENTS = YES;
				CLANG_WARN_EMPTY_BODY = YES;
				CLANG_WARN_ENUM_CONVERSION = YES;
				CLANG_WARN_INFINITE_RECURSION = YES;
				CLANG_WARN_INT_CONVERSION = YES;
				CLANG_WARN_OBJC_ROOT_CLASS = YES_ERROR;
				CLANG_WARN_SUSPICIOUS_MOVE = YES;
				CLANG_WARN_UNREACHABLE_CODE = YES;
				CLANG_WARN__DUPLICATE_METHOD_MATCH = YES;
				"CODE_SIGN_IDENTITY[sdk=iphoneos*]" = "iPhone Developer";
				COPY_PHASE_STRIP = NO;
				DEBUG_INFORMATION_FORMAT = dwarf;
				ENABLE_STRICT_OBJC_MSGSEND = YES;
				ENABLE_TESTABILITY = YES;
				GCC_C_LANGUAGE_STANDARD = gnu99;
				GCC_DYNAMIC_NO_PIC = NO;
				GCC_NO_COMMON_BLOCKS = YES;
				GCC_OPTIMIZATION_LEVEL = 0;
				GCC_PREPROCESSOR_DEFINITIONS = (
					"DEBUG=1",
					"$(inherited)",
				);
				GCC_WARN_64_TO_32_BIT_CONVERSION = YES;
				GCC_WARN_ABOUT_RETURN_TYPE = YES_ERROR;
				GCC_WARN_UNDECLARED_SELECTOR = YES;
				GCC_WARN_UNINITIALIZED_AUTOS = YES_AGGRESSIVE;
				GCC_WARN_UNUSED_FUNCTION = YES;
				GCC_WARN_UNUSED_VARIABLE = YES;
				IPHONEOS_DEPLOYMENT_TARGET = 10.2;
				MTL_ENABLE_DEBUG_INFO = YES;
				ONLY_ACTIVE_ARCH = YES;
				SDKROOT = iphoneos;
				TARGETED_DEVICE_FAMILY = "1,2";
			};
			name = Debug;
		};
		E39878931F5FA51B0023B914 /* Release */ = {
			isa = XCBuildConfiguration;
			buildSettings = {
				ALWAYS_SEARCH_USER_PATHS = NO;
				CLANG_ANALYZER_NONNULL = YES;
				CLANG_CXX_LANGUAGE_STANDARD = "gnu++0x";
				CLANG_CXX_LIBRARY = "libc++";
				CLANG_ENABLE_MODULES = YES;
				CLANG_ENABLE_OBJC_ARC = YES;
				CLANG_WARN_BOOL_CONVERSION = YES;
				CLANG_WARN_CONSTANT_CONVERSION = YES;
				CLANG_WARN_DIRECT_OBJC_ISA_USAGE = YES_ERROR;
				CLANG_WARN_DOCUMENTATION_COMMENTS = YES;
				CLANG_WARN_EMPTY_BODY = YES;
				CLANG_WARN_ENUM_CONVERSION = YES;
				CLANG_WARN_INFINITE_RECURSION = YES;
				CLANG_WARN_INT_CONVERSION = YES;
				CLANG_WARN_OBJC_ROOT_CLASS = YES_ERROR;
				CLANG_WARN_SUSPICIOUS_MOVE = YES;
				CLANG_WARN_UNREACHABLE_CODE = YES;
				CLANG_WARN__DUPLICATE_METHOD_MATCH = YES;
				"CODE_SIGN_IDENTITY[sdk=iphoneos*]" = "iPhone Developer";
				COPY_PHASE_STRIP = NO;
				DEBUG_INFORMATION_FORMAT = "dwarf-with-dsym";
				ENABLE_NS_ASSERTIONS = NO;
				ENABLE_STRICT_OBJC_MSGSEND = YES;
				GCC_C_LANGUAGE_STANDARD = gnu99;
				GCC_NO_COMMON_BLOCKS = YES;
				GCC_WARN_64_TO_32_BIT_CONVERSION = YES;
				GCC_WARN_ABOUT_RETURN_TYPE = YES_ERROR;
				GCC_WARN_UNDECLARED_SELECTOR = YES;
				GCC_WARN_UNINITIALIZED_AUTOS = YES_AGGRESSIVE;
				GCC_WARN_UNUSED_FUNCTION = YES;
				GCC_WARN_UNUSED_VARIABLE = YES;
				IPHONEOS_DEPLOYMENT_TARGET = 10.2;
				MTL_ENABLE_DEBUG_INFO = NO;
				SDKROOT = iphoneos;
				TARGETED_DEVICE_FAMILY = "1,2";
				VALIDATE_PRODUCT = YES;
			};
			name = Release;
		};
		E39878951F5FA51B0023B914 /* Debug */ = {
			isa = XCBuildConfiguration;
			baseConfigurationReference = 83FDB1712EA7CEB70571AE0C /* Pods-PhotobombAndPop_upWindows.debug.xcconfig */;
			buildSettings = {
				ASSETCATALOG_COMPILER_APPICON_NAME = AppIcon;
				GCC_PREFIX_HEADER = "$(SRCROOT)/PhotobombAndPop_upWindows/PrefixHeader.pch";
				INFOPLIST_FILE = PhotobombAndPop_upWindows/Info.plist;
				LD_RUNPATH_SEARCH_PATHS = "$(inherited) @executable_path/Frameworks";
				PRODUCT_BUNDLE_IDENTIFIER = "Marchisio.PhotobombAndPop-upWindows";
				PRODUCT_NAME = "$(TARGET_NAME)";
			};
			name = Debug;
		};
		E39878961F5FA51B0023B914 /* Release */ = {
			isa = XCBuildConfiguration;
			baseConfigurationReference = 5C8F426B0239C5D7915408A1 /* Pods-PhotobombAndPop_upWindows.release.xcconfig */;
			buildSettings = {
				ASSETCATALOG_COMPILER_APPICON_NAME = AppIcon;
				GCC_PREFIX_HEADER = "$(SRCROOT)/PhotobombAndPop_upWindows/PrefixHeader.pch";
				INFOPLIST_FILE = PhotobombAndPop_upWindows/Info.plist;
				LD_RUNPATH_SEARCH_PATHS = "$(inherited) @executable_path/Frameworks";
				PRODUCT_BUNDLE_IDENTIFIER = "Marchisio.PhotobombAndPop-upWindows";
				PRODUCT_NAME = "$(TARGET_NAME)";
			};
			name = Release;
		};
		E39878981F5FA51B0023B914 /* Debug */ = {
			isa = XCBuildConfiguration;
			buildSettings = {
				BUNDLE_LOADER = "$(TEST_HOST)";
				INFOPLIST_FILE = PhotobombAndPop_upWindowsTests/Info.plist;
				LD_RUNPATH_SEARCH_PATHS = "$(inherited) @executable_path/Frameworks @loader_path/Frameworks";
				PRODUCT_BUNDLE_IDENTIFIER = "Marchisio.PhotobombAndPop-upWindowsTests";
				PRODUCT_NAME = "$(TARGET_NAME)";
				TEST_HOST = "$(BUILT_PRODUCTS_DIR)/PhotobombAndPop_upWindows.app/PhotobombAndPop_upWindows";
			};
			name = Debug;
		};
		E39878991F5FA51B0023B914 /* Release */ = {
			isa = XCBuildConfiguration;
			buildSettings = {
				BUNDLE_LOADER = "$(TEST_HOST)";
				INFOPLIST_FILE = PhotobombAndPop_upWindowsTests/Info.plist;
				LD_RUNPATH_SEARCH_PATHS = "$(inherited) @executable_path/Frameworks @loader_path/Frameworks";
				PRODUCT_BUNDLE_IDENTIFIER = "Marchisio.PhotobombAndPop-upWindowsTests";
				PRODUCT_NAME = "$(TARGET_NAME)";
				TEST_HOST = "$(BUILT_PRODUCTS_DIR)/PhotobombAndPop_upWindows.app/PhotobombAndPop_upWindows";
			};
			name = Release;
		};
		E398789B1F5FA51B0023B914 /* Debug */ = {
			isa = XCBuildConfiguration;
			buildSettings = {
				INFOPLIST_FILE = PhotobombAndPop_upWindowsUITests/Info.plist;
				LD_RUNPATH_SEARCH_PATHS = "$(inherited) @executable_path/Frameworks @loader_path/Frameworks";
				PRODUCT_BUNDLE_IDENTIFIER = "Marchisio.PhotobombAndPop-upWindowsUITests";
				PRODUCT_NAME = "$(TARGET_NAME)";
				TEST_TARGET_NAME = PhotobombAndPop_upWindows;
			};
			name = Debug;
		};
		E398789C1F5FA51B0023B914 /* Release */ = {
			isa = XCBuildConfiguration;
			buildSettings = {
				INFOPLIST_FILE = PhotobombAndPop_upWindowsUITests/Info.plist;
				LD_RUNPATH_SEARCH_PATHS = "$(inherited) @executable_path/Frameworks @loader_path/Frameworks";
				PRODUCT_BUNDLE_IDENTIFIER = "Marchisio.PhotobombAndPop-upWindowsUITests";
				PRODUCT_NAME = "$(TARGET_NAME)";
				TEST_TARGET_NAME = PhotobombAndPop_upWindows;
			};
			name = Release;
		};
/* End XCBuildConfiguration section */

/* Begin XCConfigurationList section */
		E39878621F5FA51B0023B914 /* Build configuration list for PBXProject "PhotobombAndPop_upWindows" */ = {
			isa = XCConfigurationList;
			buildConfigurations = (
				E39878921F5FA51B0023B914 /* Debug */,
				E39878931F5FA51B0023B914 /* Release */,
			);
			defaultConfigurationIsVisible = 0;
			defaultConfigurationName = Release;
		};
		E39878941F5FA51B0023B914 /* Build configuration list for PBXNativeTarget "PhotobombAndPop_upWindows" */ = {
			isa = XCConfigurationList;
			buildConfigurations = (
				E39878951F5FA51B0023B914 /* Debug */,
				E39878961F5FA51B0023B914 /* Release */,
			);
			defaultConfigurationIsVisible = 0;
			defaultConfigurationName = Release;
		};
		E39878971F5FA51B0023B914 /* Build configuration list for PBXNativeTarget "PhotobombAndPop_upWindowsTests" */ = {
			isa = XCConfigurationList;
			buildConfigurations = (
				E39878981F5FA51B0023B914 /* Debug */,
				E39878991F5FA51B0023B914 /* Release */,
			);
			defaultConfigurationIsVisible = 0;
			defaultConfigurationName = Release;
		};
		E398789A1F5FA51B0023B914 /* Build configuration list for PBXNativeTarget "PhotobombAndPop_upWindowsUITests" */ = {
			isa = XCConfigurationList;
			buildConfigurations = (
				E398789B1F5FA51B0023B914 /* Debug */,
				E398789C1F5FA51B0023B914 /* Release */,
			);
			defaultConfigurationIsVisible = 0;
			defaultConfigurationName = Release;
		};
/* End XCConfigurationList section */
	};
	rootObject = E398785F1F5FA51B0023B914 /* Project object */;
}
